
Microsoft Visual Studio Solution File, Format Version 12.00
# Visual Studio 2013
VisualStudioVersion = 12.0.31101.0
MinimumVisualStudioVersion = 10.0.40219.1
Project("{FAE04EC0-301F-11D3-BF4B-00C04F79EFBC}") = "RedWood", "RedWood\RedWood.csproj", "{465BB2BD-0962-4963-8460-0348A13ED9A0}"
EndProject
Project("{FAE04EC0-301F-11D3-BF4B-00C04F79EFBC}") = "RedWood.UnitTests", "RedWoodTests\RedWood.UnitTests.csproj", "{F3F6D44D-C343-4749-BB81-DE8C0E4823C7}"
EndProject
Project("{FAE04EC0-301F-11D3-BF4B-00C04F79EFBC}") = "RedWood.IntegrationTests", "RedWoodIntegrationTests\RedWood.IntegrationTests.csproj", "{0A188EA4-DE55-4592-9505-E2FA4846444E}"
EndProject
Project("{FAE04EC0-301F-11D3-BF4B-00C04F79EFBC}") = "RedWood.SpecFlow", "RedWoodSpecFlow\RedWood.SpecFlow.csproj", "{B408B7D1-44A8-4430-9477-17DDC058BDAA}"
EndProject
Project("{FAE04EC0-301F-11D3-BF4B-00C04F79EFBC}") = "RedWood.Pages", "RedWood.Pages\RedWood.Pages.csproj", "{66666BAA-0C93-4D4C-BA65-D7AF08F28DAD}"
EndProject
Project("{2150E333-8FDC-42A3-9474-1A3956D46DE8}") = ".nuget", ".nuget", "{C24CB7C8-F5DF-4FF4-A839-05F7E0B23175}"
	ProjectSection(SolutionItems) = preProject
		.nuget\packages.config = .nuget\packages.config
	EndProjectSection
EndProject
Global
	GlobalSection(SolutionConfigurationPlatforms) = preSolution
		Debug|Any CPU = Debug|Any CPU
		Release|Any CPU = Release|Any CPU
	EndGlobalSection
	GlobalSection(ProjectConfigurationPlatforms) = postSolution
		{465BB2BD-0962-4963-8460-0348A13ED9A0}.Debug|Any CPU.ActiveCfg = Debug|Any CPU
		{465BB2BD-0962-4963-8460-0348A13ED9A0}.Debug|Any CPU.Build.0 = Debug|Any CPU
		{465BB2BD-0962-4963-8460-0348A13ED9A0}.Release|Any CPU.ActiveCfg = Release|Any CPU
		{465BB2BD-0962-4963-8460-0348A13ED9A0}.Release|Any CPU.Build.0 = Release|Any CPU
		{F3F6D44D-C343-4749-BB81-DE8C0E4823C7}.Debug|Any CPU.ActiveCfg = Debug|Any CPU
		{F3F6D44D-C343-4749-BB81-DE8C0E4823C7}.Debug|Any CPU.Build.0 = Debug|Any CPU
		{F3F6D44D-C343-4749-BB81-DE8C0E4823C7}.Release|Any CPU.ActiveCfg = Release|Any CPU
		{F3F6D44D-C343-4749-BB81-DE8C0E4823C7}.Release|Any CPU.Build.0 = Release|Any CPU
		{0A188EA4-DE55-4592-9505-E2FA4846444E}.Debug|Any CPU.ActiveCfg = Debug|Any CPU
		{0A188EA4-DE55-4592-9505-E2FA4846444E}.Debug|Any CPU.Build.0 = Debug|Any CPU
		{0A188EA4-DE55-4592-9505-E2FA4846444E}.Release|Any CPU.ActiveCfg = Release|Any CPU
		{0A188EA4-DE55-4592-9505-E2FA4846444E}.Release|Any CPU.Build.0 = Release|Any CPU
		{B408B7D1-44A8-4430-9477-17DDC058BDAA}.Debug|Any CPU.ActiveCfg = Debug|Any CPU
		{B408B7D1-44A8-4430-9477-17DDC058BDAA}.Debug|Any CPU.Build.0 = Debug|Any CPU
		{B408B7D1-44A8-4430-9477-17DDC058BDAA}.Release|Any CPU.ActiveCfg = Release|Any CPU
		{B408B7D1-44A8-4430-9477-17DDC058BDAA}.Release|Any CPU.Build.0 = Release|Any CPU
		{66666BAA-0C93-4D4C-BA65-D7AF08F28DAD}.Debug|Any CPU.ActiveCfg = Debug|Any CPU
		{66666BAA-0C93-4D4C-BA65-D7AF08F28DAD}.Debug|Any CPU.Build.0 = Debug|Any CPU
		{66666BAA-0C93-4D4C-BA65-D7AF08F28DAD}.Release|Any CPU.ActiveCfg = Release|Any CPU
		{66666BAA-0C93-4D4C-BA65-D7AF08F28DAD}.Release|Any CPU.Build.0 = Release|Any CPU
	EndGlobalSection
	GlobalSection(SolutionProperties) = preSolution
		HideSolutionNode = FALSE
	EndGlobalSection
EndGlobal
